
Microsoft Visual Studio Solution File, Format Version 12.00
# Visual Studio Version 17
VisualStudioVersion = 17.2.32630.192
MinimumVisualStudioVersion = 10.0.40219.1
Project("{FAE04EC0-301F-11D3-BF4B-00C04F79EFBC}") = "MatchGame", "MatchGame.csproj", "{680EDD19-DA9D-4975-9AE6-7D214A7B15A7}"
EndProject
Global
	GlobalSection(SolutionConfigurationPlatforms) = preSolution
		Debug|Any CPU = Debug|Any CPU
		Release|Any CPU = Release|Any CPU
	EndGlobalSection
	GlobalSection(ProjectConfigurationPlatforms) = postSolution
		{680EDD19-DA9D-4975-9AE6-7D214A7B15A7}.Debug|Any CPU.ActiveCfg = Debug|Any CPU
		{680EDD19-DA9D-4975-9AE6-7D214A7B15A7}.Debug|Any CPU.Build.0 = Debug|Any CPU
		{680EDD19-DA9D-4975-9AE6-7D214A7B15A7}.Release|Any CPU.ActiveCfg = Release|Any CPU
		{680EDD19-DA9D-4975-9AE6-7D214A7B15A7}.Release|Any CPU.Build.0 = Release|Any CPU
	EndGlobalSection
	GlobalSection(SolutionProperties) = preSolution
		HideSolutionNode = FALSE
	EndGlobalSection
	GlobalSection(ExtensibilityGlobals) = postSolution
		SolutionGuid = {279D145D-3B52-4CAB-8FB7-357D339F7F87}
	EndGlobalSection
EndGlobal
